
Microsoft Visual Studio Solution File, Format Version 12.00
# Visual Studio Version 16
VisualStudioVersion = 16.0.30804.86
MinimumVisualStudioVersion = 10.0.40219.1
Project("{9A19103F-16F7-4668-BE54-9A1E7A4F7556}") = "aggregator-cli2", "aggregator-cli2.csproj", "{2A90C2F5-3979-418C-A841-553B84848CA2}"
EndProject
Global
	GlobalSection(SolutionConfigurationPlatforms) = preSolution
		Debug|Any CPU = Debug|Any CPU
		Release|Any CPU = Release|Any CPU
	EndGlobalSection
	GlobalSection(ProjectConfigurationPlatforms) = postSolution
		{2A90C2F5-3979-418C-A841-553B84848CA2}.Debug|Any CPU.ActiveCfg = Debug|Any CPU
		{2A90C2F5-3979-418C-A841-553B84848CA2}.Debug|Any CPU.Build.0 = Debug|Any CPU
		{2A90C2F5-3979-418C-A841-553B84848CA2}.Release|Any CPU.ActiveCfg = Release|Any CPU
		{2A90C2F5-3979-418C-A841-553B84848CA2}.Release|Any CPU.Build.0 = Release|Any CPU
	EndGlobalSection
	GlobalSection(SolutionProperties) = preSolution
		HideSolutionNode = FALSE
	EndGlobalSection
	GlobalSection(ExtensibilityGlobals) = postSolution
		SolutionGuid = {BD5B01C0-DB55-4AF1-A79B-A19564F909DE}
	EndGlobalSection
EndGlobal
